// !$*UTF8*$!
{
	archiveVersion = 1;
	classes = {
	};
	objectVersion = 50;
	objects = {

/* Begin PBXBuildFile section */
		5A2CB6BD2288254A009A3A13 /* PTVdataStruct.swift in Sources */ = {isa = PBXBuildFile; fileRef = 5A2CB6BC2288254A009A3A13 /* PTVdataStruct.swift */; };
		5A331BF722731FAF00467C8B /* AppDelegate.swift in Sources */ = {isa = PBXBuildFile; fileRef = 5A331BF622731FAF00467C8B /* AppDelegate.swift */; };
		5A331BFC22731FAF00467C8B /* Main.storyboard in Resources */ = {isa = PBXBuildFile; fileRef = 5A331BFA22731FAF00467C8B /* Main.storyboard */; };
		5A331C0122731FB000467C8B /* Assets.xcassets in Resources */ = {isa = PBXBuildFile; fileRef = 5A331C0022731FB000467C8B /* Assets.xcassets */; };
		5A331C0422731FB000467C8B /* LaunchScreen.storyboard in Resources */ = {isa = PBXBuildFile; fileRef = 5A331C0222731FB000467C8B /* LaunchScreen.storyboard */; };
		5A331C0D2273276700467C8B /* localTransportData.xcdatamodeld in Sources */ = {isa = PBXBuildFile; fileRef = 5A331C0B2273276700467C8B /* localTransportData.xcdatamodeld */; };
		5A331C0F22732BC000467C8B /* AboutViewController.swift in Sources */ = {isa = PBXBuildFile; fileRef = 5A331C0E22732BC000467C8B /* AboutViewController.swift */; };
		5A7B1AE7227E058D0012E09C /* StopsTableViewCell.swift in Sources */ = {isa = PBXBuildFile; fileRef = 5A7B1AE6227E058D0012E09C /* StopsTableViewCell.swift */; };
		5A7B1AE9227E05C90012E09C /* StopsInfoTableView.swift in Sources */ = {isa = PBXBuildFile; fileRef = 5A7B1AE8227E05C90012E09C /* StopsInfoTableView.swift */; };
		5A7B1AF1227E0B020012E09C /* StopsTableViewController.swift in Sources */ = {isa = PBXBuildFile; fileRef = 5A7B1AF0227E0B020012E09C /* StopsTableViewController.swift */; };
		5A7B1AF6227EEB5E0012E09C /* CoreDataStack.swift in Sources */ = {isa = PBXBuildFile; fileRef = 5A7B1AF5227EEB5E0012E09C /* CoreDataStack.swift */; };
		5AEA77D2227C67D8005A6A74 /* DisruptionsTableViewController.swift in Sources */ = {isa = PBXBuildFile; fileRef = 5AEA77D1227C67D8005A6A74 /* DisruptionsTableViewController.swift */; };
		5AEA77D4227C67FC005A6A74 /* DisruptionDetailViewController.swift in Sources */ = {isa = PBXBuildFile; fileRef = 5AEA77D3227C67FC005A6A74 /* DisruptionDetailViewController.swift */; };
		5AEA77D9227C6FC3005A6A74 /* HomeViewController.swift in Sources */ = {isa = PBXBuildFile; fileRef = 5AEA77D8227C6FC3005A6A74 /* HomeViewController.swift */; };
		5AEA77DB227C700D005A6A74 /* SelectStopOnMapViewController.swift in Sources */ = {isa = PBXBuildFile; fileRef = 5AEA77DA227C700D005A6A74 /* SelectStopOnMapViewController.swift */; };
		5AEA77DE227C70D7005A6A74 /* StopsViewController.swift in Sources */ = {isa = PBXBuildFile; fileRef = 5AEA77DD227C70D7005A6A74 /* StopsViewController.swift */; };
		5AEA77E2227C72E3005A6A74 /* nextArrive.swift in Sources */ = {isa = PBXBuildFile; fileRef = 5AEA77E1227C72E3005A6A74 /* nextArrive.swift */; };
		5AFA5F1C227F07E300FAAA1D /* favoriteRouteTableViewCell.swift in Sources */ = {isa = PBXBuildFile; fileRef = 5AFA5F1B227F07E300FAAA1D /* favoriteRouteTableViewCell.swift */; };
		5AFA5F38227F19FE00FAAA1D /* favoriteStopTableViewCell.swift in Sources */ = {isa = PBXBuildFile; fileRef = 5AFA5F37227F19FE00FAAA1D /* favoriteStopTableViewCell.swift */; };
		5AFA5F3A227F1A0E00FAAA1D /* nearbyStopTableViewCell.swift in Sources */ = {isa = PBXBuildFile; fileRef = 5AFA5F39227F1A0E00FAAA1D /* nearbyStopTableViewCell.swift */; };
		5AFA5F41227F1E0B00FAAA1D /* FavStop+CoreDataClass.swift in Sources */ = {isa = PBXBuildFile; fileRef = 5AFA5F3B227F1E0B00FAAA1D /* FavStop+CoreDataClass.swift */; };
		5AFA5F42227F1E0B00FAAA1D /* FavStop+CoreDataProperties.swift in Sources */ = {isa = PBXBuildFile; fileRef = 5AFA5F3C227F1E0B00FAAA1D /* FavStop+CoreDataProperties.swift */; };
		5AFA5F43227F1E0B00FAAA1D /* APIInfo+CoreDataClass.swift in Sources */ = {isa = PBXBuildFile; fileRef = 5AFA5F3D227F1E0B00FAAA1D /* APIInfo+CoreDataClass.swift */; };
		5AFA5F44227F1E0B00FAAA1D /* APIInfo+CoreDataProperties.swift in Sources */ = {isa = PBXBuildFile; fileRef = 5AFA5F3E227F1E0B00FAAA1D /* APIInfo+CoreDataProperties.swift */; };
		5AFA5F45227F1E0B00FAAA1D /* FavRoute+CoreDataClass.swift in Sources */ = {isa = PBXBuildFile; fileRef = 5AFA5F3F227F1E0B00FAAA1D /* FavRoute+CoreDataClass.swift */; };
		5AFA5F46227F1E0B00FAAA1D /* FavRoute+CoreDataProperties.swift in Sources */ = {isa = PBXBuildFile; fileRef = 5AFA5F40227F1E0B00FAAA1D /* FavRoute+CoreDataProperties.swift */; };
		5AFA5F4E227F445600FAAA1D /* disruptionTableViewCell.swift in Sources */ = {isa = PBXBuildFile; fileRef = 5AFA5F4D227F445600FAAA1D /* disruptionTableViewCell.swift */; };
/* End PBXBuildFile section */

/* Begin PBXFileReference section */
		5A2CB6BC2288254A009A3A13 /* PTVdataStruct.swift */ = {isa = PBXFileReference; lastKnownFileType = sourcecode.swift; path = PTVdataStruct.swift; sourceTree = "<group>"; };
		5A331BF322731FAF00467C8B /* Oh_My-Transport.app */ = {isa = PBXFileReference; explicitFileType = wrapper.application; includeInIndex = 0; path = "Oh_My-Transport.app"; sourceTree = BUILT_PRODUCTS_DIR; };
		5A331BF622731FAF00467C8B /* AppDelegate.swift */ = {isa = PBXFileReference; lastKnownFileType = sourcecode.swift; path = AppDelegate.swift; sourceTree = "<group>"; };
		5A331BFB22731FAF00467C8B /* Base */ = {isa = PBXFileReference; lastKnownFileType = file.storyboard; name = Base; path = Base.lproj/Main.storyboard; sourceTree = "<group>"; };
		5A331C0022731FB000467C8B /* Assets.xcassets */ = {isa = PBXFileReference; lastKnownFileType = folder.assetcatalog; path = Assets.xcassets; sourceTree = "<group>"; };
		5A331C0322731FB000467C8B /* Base */ = {isa = PBXFileReference; lastKnownFileType = file.storyboard; name = Base; path = Base.lproj/LaunchScreen.storyboard; sourceTree = "<group>"; };
		5A331C0522731FB000467C8B /* Info.plist */ = {isa = PBXFileReference; lastKnownFileType = text.plist.xml; path = Info.plist; sourceTree = "<group>"; };
		5A331C0C2273276700467C8B /* localTransportData.xcdatamodel */ = {isa = PBXFileReference; lastKnownFileType = wrapper.xcdatamodel; path = localTransportData.xcdatamodel; sourceTree = "<group>"; };
		5A331C0E22732BC000467C8B /* AboutViewController.swift */ = {isa = PBXFileReference; lastKnownFileType = sourcecode.swift; path = AboutViewController.swift; sourceTree = "<group>"; };
		5A7B1AE6227E058D0012E09C /* StopsTableViewCell.swift */ = {isa = PBXFileReference; lastKnownFileType = sourcecode.swift; path = StopsTableViewCell.swift; sourceTree = "<group>"; };
		5A7B1AE8227E05C90012E09C /* StopsInfoTableView.swift */ = {isa = PBXFileReference; lastKnownFileType = sourcecode.swift; path = StopsInfoTableView.swift; sourceTree = "<group>"; };
		5A7B1AF0227E0B020012E09C /* StopsTableViewController.swift */ = {isa = PBXFileReference; lastKnownFileType = sourcecode.swift; path = StopsTableViewController.swift; sourceTree = "<group>"; };
		5A7B1AF5227EEB5E0012E09C /* CoreDataStack.swift */ = {isa = PBXFileReference; lastKnownFileType = sourcecode.swift; path = CoreDataStack.swift; sourceTree = "<group>"; };
		5AEA77D1227C67D8005A6A74 /* DisruptionsTableViewController.swift */ = {isa = PBXFileReference; lastKnownFileType = sourcecode.swift; path = DisruptionsTableViewController.swift; sourceTree = "<group>"; };
		5AEA77D3227C67FC005A6A74 /* DisruptionDetailViewController.swift */ = {isa = PBXFileReference; lastKnownFileType = sourcecode.swift; path = DisruptionDetailViewController.swift; sourceTree = "<group>"; };
		5AEA77D8227C6FC3005A6A74 /* HomeViewController.swift */ = {isa = PBXFileReference; lastKnownFileType = sourcecode.swift; path = HomeViewController.swift; sourceTree = "<group>"; };
		5AEA77DA227C700D005A6A74 /* SelectStopOnMapViewController.swift */ = {isa = PBXFileReference; lastKnownFileType = sourcecode.swift; path = SelectStopOnMapViewController.swift; sourceTree = "<group>"; };
		5AEA77DD227C70D7005A6A74 /* StopsViewController.swift */ = {isa = PBXFileReference; lastKnownFileType = sourcecode.swift; path = StopsViewController.swift; sourceTree = "<group>"; };
		5AEA77E1227C72E3005A6A74 /* nextArrive.swift */ = {isa = PBXFileReference; lastKnownFileType = sourcecode.swift; path = nextArrive.swift; sourceTree = "<group>"; };
		5AFA5F1B227F07E300FAAA1D /* favoriteRouteTableViewCell.swift */ = {isa = PBXFileReference; lastKnownFileType = sourcecode.swift; path = favoriteRouteTableViewCell.swift; sourceTree = "<group>"; };
		5AFA5F37227F19FE00FAAA1D /* favoriteStopTableViewCell.swift */ = {isa = PBXFileReference; lastKnownFileType = sourcecode.swift; path = favoriteStopTableViewCell.swift; sourceTree = "<group>"; };
		5AFA5F39227F1A0E00FAAA1D /* nearbyStopTableViewCell.swift */ = {isa = PBXFileReference; lastKnownFileType = sourcecode.swift; path = nearbyStopTableViewCell.swift; sourceTree = "<group>"; };
		5AFA5F3B227F1E0B00FAAA1D /* FavStop+CoreDataClass.swift */ = {isa = PBXFileReference; lastKnownFileType = sourcecode.swift; path = "FavStop+CoreDataClass.swift"; sourceTree = "<group>"; };
		5AFA5F3C227F1E0B00FAAA1D /* FavStop+CoreDataProperties.swift */ = {isa = PBXFileReference; lastKnownFileType = sourcecode.swift; path = "FavStop+CoreDataProperties.swift"; sourceTree = "<group>"; };
		5AFA5F3D227F1E0B00FAAA1D /* APIInfo+CoreDataClass.swift */ = {isa = PBXFileReference; lastKnownFileType = sourcecode.swift; path = "APIInfo+CoreDataClass.swift"; sourceTree = "<group>"; };
		5AFA5F3E227F1E0B00FAAA1D /* APIInfo+CoreDataProperties.swift */ = {isa = PBXFileReference; lastKnownFileType = sourcecode.swift; path = "APIInfo+CoreDataProperties.swift"; sourceTree = "<group>"; };
		5AFA5F3F227F1E0B00FAAA1D /* FavRoute+CoreDataClass.swift */ = {isa = PBXFileReference; lastKnownFileType = sourcecode.swift; path = "FavRoute+CoreDataClass.swift"; sourceTree = "<group>"; };
		5AFA5F40227F1E0B00FAAA1D /* FavRoute+CoreDataProperties.swift */ = {isa = PBXFileReference; lastKnownFileType = sourcecode.swift; path = "FavRoute+CoreDataProperties.swift"; sourceTree = "<group>"; };
		5AFA5F4D227F445600FAAA1D /* disruptionTableViewCell.swift */ = {isa = PBXFileReference; lastKnownFileType = sourcecode.swift; path = disruptionTableViewCell.swift; sourceTree = "<group>"; };
/* End PBXFileReference section */

/* Begin PBXFrameworksBuildPhase section */
		5A331BF022731FAF00467C8B /* Frameworks */ = {
			isa = PBXFrameworksBuildPhase;
			buildActionMask = 2147483647;
			files = (
			);
			runOnlyForDeploymentPostprocessing = 0;
		};
/* End PBXFrameworksBuildPhase section */

/* Begin PBXGroup section */
		5A331BEA22731FAE00467C8B = {
			isa = PBXGroup;
			children = (
				5A331BF522731FAF00467C8B /* Oh_My-Transport */,
				5A331BF422731FAF00467C8B /* Products */,
			);
			sourceTree = "<group>";
		};
		5A331BF422731FAF00467C8B /* Products */ = {
			isa = PBXGroup;
			children = (
				5A331BF322731FAF00467C8B /* Oh_My-Transport.app */,
			);
			name = Products;
			sourceTree = "<group>";
		};
		5A331BF522731FAF00467C8B /* Oh_My-Transport */ = {
			isa = PBXGroup;
			children = (
				5A7B1B0F227F04590012E09C /* HomePage */,
				5A7B1AF4227EE91D0012E09C /* DataModel */,
				5AEA77DC227C70BC005A6A74 /* StopsPage */,
				5AEA77D0227C67A8005A6A74 /* Disruptions */,
				5A331BF622731FAF00467C8B /* AppDelegate.swift */,
				5A331BFA22731FAF00467C8B /* Main.storyboard */,
				5A331C0022731FB000467C8B /* Assets.xcassets */,
				5A331C0222731FB000467C8B /* LaunchScreen.storyboard */,
				5A331C0522731FB000467C8B /* Info.plist */,
				5A331C0E22732BC000467C8B /* AboutViewController.swift */,
				5AEA77DA227C700D005A6A74 /* SelectStopOnMapViewController.swift */,
				5A2CB6BC2288254A009A3A13 /* PTVdataStruct.swift */,
			);
			path = "Oh_My-Transport";
			sourceTree = "<group>";
		};
		5A7B1AF4227EE91D0012E09C /* DataModel */ = {
			isa = PBXGroup;
			children = (
				5AFA5F3B227F1E0B00FAAA1D /* FavStop+CoreDataClass.swift */,
				5AFA5F3C227F1E0B00FAAA1D /* FavStop+CoreDataProperties.swift */,
				5AFA5F3D227F1E0B00FAAA1D /* APIInfo+CoreDataClass.swift */,
				5AFA5F3E227F1E0B00FAAA1D /* APIInfo+CoreDataProperties.swift */,
				5AFA5F3F227F1E0B00FAAA1D /* FavRoute+CoreDataClass.swift */,
				5AFA5F40227F1E0B00FAAA1D /* FavRoute+CoreDataProperties.swift */,
				5A331C0B2273276700467C8B /* localTransportData.xcdatamodeld */,
				5A7B1AF5227EEB5E0012E09C /* CoreDataStack.swift */,
			);
			path = DataModel;
			sourceTree = "<group>";
		};
		5A7B1B0F227F04590012E09C /* HomePage */ = {
			isa = PBXGroup;
			children = (
				5AEA77D8227C6FC3005A6A74 /* HomeViewController.swift */,
				5AFA5F1B227F07E300FAAA1D /* favoriteRouteTableViewCell.swift */,
				5AFA5F37227F19FE00FAAA1D /* favoriteStopTableViewCell.swift */,
				5AFA5F39227F1A0E00FAAA1D /* nearbyStopTableViewCell.swift */,
			);
			path = HomePage;
			sourceTree = "<group>";
		};
		5AEA77D0227C67A8005A6A74 /* Disruptions */ = {
			isa = PBXGroup;
			children = (
				5AEA77D1227C67D8005A6A74 /* DisruptionsTableViewController.swift */,
				5AEA77D3227C67FC005A6A74 /* DisruptionDetailViewController.swift */,
				5AFA5F4D227F445600FAAA1D /* disruptionTableViewCell.swift */,
			);
			path = Disruptions;
			sourceTree = "<group>";
		};
		5AEA77DC227C70BC005A6A74 /* StopsPage */ = {
			isa = PBXGroup;
			children = (
				5AEA77DD227C70D7005A6A74 /* StopsViewController.swift */,
				5AEA77E1227C72E3005A6A74 /* nextArrive.swift */,
				5A7B1AE6227E058D0012E09C /* StopsTableViewCell.swift */,
				5A7B1AE8227E05C90012E09C /* StopsInfoTableView.swift */,
				5A7B1AF0227E0B020012E09C /* StopsTableViewController.swift */,
			);
			path = StopsPage;
			sourceTree = "<group>";
		};
/* End PBXGroup section */

/* Begin PBXNativeTarget section */
		5A331BF222731FAF00467C8B /* Oh_My-Transport */ = {
			isa = PBXNativeTarget;
			buildConfigurationList = 5A331C0822731FB000467C8B /* Build configuration list for PBXNativeTarget "Oh_My-Transport" */;
			buildPhases = (
				5A331BEF22731FAF00467C8B /* Sources */,
				5A331BF022731FAF00467C8B /* Frameworks */,
				5A331BF122731FAF00467C8B /* Resources */,
			);
			buildRules = (
			);
			dependencies = (
			);
			name = "Oh_My-Transport";
			productName = "Oh_My-Transport";
			productReference = 5A331BF322731FAF00467C8B /* Oh_My-Transport.app */;
			productType = "com.apple.product-type.application";
		};
/* End PBXNativeTarget section */

/* Begin PBXProject section */
		5A331BEB22731FAF00467C8B /* Project object */ = {
			isa = PBXProject;
			attributes = {
				LastSwiftUpdateCheck = 1010;
				LastUpgradeCheck = 1010;
				ORGANIZATIONNAME = wgon0001;
				TargetAttributes = {
					5A331BF222731FAF00467C8B = {
						CreatedOnToolsVersion = 10.1;
					};
				};
			};
			buildConfigurationList = 5A331BEE22731FAF00467C8B /* Build configuration list for PBXProject "Oh_My-Transport" */;
			compatibilityVersion = "Xcode 9.3";
			developmentRegion = en;
			hasScannedForEncodings = 0;
			knownRegions = (
				en,
				Base,
			);
			mainGroup = 5A331BEA22731FAE00467C8B;
			productRefGroup = 5A331BF422731FAF00467C8B /* Products */;
			projectDirPath = "";
			projectRoot = "";
			targets = (
				5A331BF222731FAF00467C8B /* Oh_My-Transport */,
			);
		};
/* End PBXProject section */

/* Begin PBXResourcesBuildPhase section */
		5A331BF122731FAF00467C8B /* Resources */ = {
			isa = PBXResourcesBuildPhase;
			buildActionMask = 2147483647;
			files = (
				5A331C0422731FB000467C8B /* LaunchScreen.storyboard in Resources */,
				5A331C0122731FB000467C8B /* Assets.xcassets in Resources */,
				5A331BFC22731FAF00467C8B /* Main.storyboard in Resources */,
			);
			runOnlyForDeploymentPostprocessing = 0;
		};
/* End PBXResourcesBuildPhase section */

/* Begin PBXSourcesBuildPhase section */
		5A331BEF22731FAF00467C8B /* Sources */ = {
			isa = PBXSourcesBuildPhase;
			buildActionMask = 2147483647;
			files = (
				5AFA5F44227F1E0B00FAAA1D /* APIInfo+CoreDataProperties.swift in Sources */,
				5AFA5F41227F1E0B00FAAA1D /* FavStop+CoreDataClass.swift in Sources */,
				5AFA5F45227F1E0B00FAAA1D /* FavRoute+CoreDataClass.swift in Sources */,
				5A331C0D2273276700467C8B /* localTransportData.xcdatamodeld in Sources */,
				5A331C0F22732BC000467C8B /* AboutViewController.swift in Sources */,
				5AFA5F46227F1E0B00FAAA1D /* FavRoute+CoreDataProperties.swift in Sources */,
				5AEA77DB227C700D005A6A74 /* SelectStopOnMapViewController.swift in Sources */,
				5AFA5F43227F1E0B00FAAA1D /* APIInfo+CoreDataClass.swift in Sources */,
				5AFA5F42227F1E0B00FAAA1D /* FavStop+CoreDataProperties.swift in Sources */,
				5AEA77D2227C67D8005A6A74 /* DisruptionsTableViewController.swift in Sources */,
				5AEA77E2227C72E3005A6A74 /* nextArrive.swift in Sources */,
				5AFA5F4E227F445600FAAA1D /* disruptionTableViewCell.swift in Sources */,
				5AFA5F1C227F07E300FAAA1D /* favoriteRouteTableViewCell.swift in Sources */,
				5AFA5F3A227F1A0E00FAAA1D /* nearbyStopTableViewCell.swift in Sources */,
				5AEA77DE227C70D7005A6A74 /* StopsViewController.swift in Sources */,
				5AFA5F38227F19FE00FAAA1D /* favoriteStopTableViewCell.swift in Sources */,
				5A7B1AE7227E058D0012E09C /* StopsTableViewCell.swift in Sources */,
				5A2CB6BD2288254A009A3A13 /* PTVdataStruct.swift in Sources */,
				5A7B1AF1227E0B020012E09C /* StopsTableViewController.swift in Sources */,
				5AEA77D4227C67FC005A6A74 /* DisruptionDetailViewController.swift in Sources */,
				5A331BF722731FAF00467C8B /* AppDelegate.swift in Sources */,
				5A7B1AF6227EEB5E0012E09C /* CoreDataStack.swift in Sources */,
				5AEA77D9227C6FC3005A6A74 /* HomeViewController.swift in Sources */,
				5A7B1AE9227E05C90012E09C /* StopsInfoTableView.swift in Sources */,
			);
			runOnlyForDeploymentPostprocessing = 0;
		};
/* End PBXSourcesBuildPhase section */

/* Begin PBXVariantGroup section */
		5A331BFA22731FAF00467C8B /* Main.storyboard */ = {
			isa = PBXVariantGroup;
			children = (
				5A331BFB22731FAF00467C8B /* Base */,
			);
			name = Main.storyboard;
			sourceTree = "<group>";
		};
		5A331C0222731FB000467C8B /* LaunchScreen.storyboard */ = {
			isa = PBXVariantGroup;
			children = (
				5A331C0322731FB000467C8B /* Base */,
			);
			name = LaunchScreen.storyboard;
			sourceTree = "<group>";
		};
/* End PBXVariantGroup section */

/* Begin XCBuildConfiguration section */
		5A331C0622731FB000467C8B /* Debug */ = {
			isa = XCBuildConfiguration;
			buildSettings = {
				ALWAYS_SEARCH_USER_PATHS = NO;
				CLANG_ANALYZER_NONNULL = YES;
				CLANG_ANALYZER_NUMBER_OBJECT_CONVERSION = YES_AGGRESSIVE;
				CLANG_CXX_LANGUAGE_STANDARD = "gnu++14";
				CLANG_CXX_LIBRARY = "libc++";
				CLANG_ENABLE_MODULES = YES;
				CLANG_ENABLE_OBJC_ARC = YES;
				CLANG_ENABLE_OBJC_WEAK = YES;
				CLANG_WARN_BLOCK_CAPTURE_AUTORELEASING = YES;
				CLANG_WARN_BOOL_CONVERSION = YES;
				CLANG_WARN_COMMA = YES;
				CLANG_WARN_CONSTANT_CONVERSION = YES;
				CLANG_WARN_DEPRECATED_OBJC_IMPLEMENTATIONS = YES;
				CLANG_WARN_DIRECT_OBJC_ISA_USAGE = YES_ERROR;
				CLANG_WARN_DOCUMENTATION_COMMENTS = YES;
				CLANG_WARN_EMPTY_BODY = YES;
				CLANG_WARN_ENUM_CONVERSION = YES;
				CLANG_WARN_INFINITE_RECURSION = YES;
				CLANG_WARN_INT_CONVERSION = YES;
				CLANG_WARN_NON_LITERAL_NULL_CONVERSION = YES;
				CLANG_WARN_OBJC_IMPLICIT_RETAIN_SELF = YES;
				CLANG_WARN_OBJC_LITERAL_CONVERSION = YES;
				CLANG_WARN_OBJC_ROOT_CLASS = YES_ERROR;
				CLANG_WARN_RANGE_LOOP_ANALYSIS = YES;
				CLANG_WARN_STRICT_PROTOTYPES = YES;
				CLANG_WARN_SUSPICIOUS_MOVE = YES;
				CLANG_WARN_UNGUARDED_AVAILABILITY = YES_AGGRESSIVE;
				CLANG_WARN_UNREACHABLE_CODE = YES;
				CLANG_WARN__DUPLICATE_METHOD_MATCH = YES;
				CODE_SIGN_IDENTITY = "iPhone Developer";
				COPY_PHASE_STRIP = NO;
				DEBUG_INFORMATION_FORMAT = dwarf;
				ENABLE_STRICT_OBJC_MSGSEND = YES;
				ENABLE_TESTABILITY = YES;
				GCC_C_LANGUAGE_STANDARD = gnu11;
				GCC_DYNAMIC_NO_PIC = NO;
				GCC_NO_COMMON_BLOCKS = YES;
				GCC_OPTIMIZATION_LEVEL = 0;
				GCC_PREPROCESSOR_DEFINITIONS = (
					"DEBUG=1",
					"$(inherited)",
				);
				GCC_WARN_64_TO_32_BIT_CONVERSION = YES;
				GCC_WARN_ABOUT_RETURN_TYPE = YES_ERROR;
				GCC_WARN_UNDECLARED_SELECTOR = YES;
				GCC_WARN_UNINITIALIZED_AUTOS = YES_AGGRESSIVE;
				GCC_WARN_UNUSED_FUNCTION = YES;
				GCC_WARN_UNUSED_VARIABLE = YES;
				IPHONEOS_DEPLOYMENT_TARGET = 12.1;
				MTL_ENABLE_DEBUG_INFO = INCLUDE_SOURCE;
				MTL_FAST_MATH = YES;
				ONLY_ACTIVE_ARCH = YES;
				SDKROOT = iphoneos;
				SWIFT_ACTIVE_COMPILATION_CONDITIONS = DEBUG;
				SWIFT_OPTIMIZATION_LEVEL = "-Onone";
			};
			name = Debug;
		};
		5A331C0722731FB000467C8B /* Release */ = {
			isa = XCBuildConfiguration;
			buildSettings = {
				ALWAYS_SEARCH_USER_PATHS = NO;
				CLANG_ANALYZER_NONNULL = YES;
				CLANG_ANALYZER_NUMBER_OBJECT_CONVERSION = YES_AGGRESSIVE;
				CLANG_CXX_LANGUAGE_STANDARD = "gnu++14";
				CLANG_CXX_LIBRARY = "libc++";
				CLANG_ENABLE_MODULES = YES;
				CLANG_ENABLE_OBJC_ARC = YES;
				CLANG_ENABLE_OBJC_WEAK = YES;
				CLANG_WARN_BLOCK_CAPTURE_AUTORELEASING = YES;
				CLANG_WARN_BOOL_CONVERSION = YES;
				CLANG_WARN_COMMA = YES;
				CLANG_WARN_CONSTANT_CONVERSION = YES;
				CLANG_WARN_DEPRECATED_OBJC_IMPLEMENTATIONS = YES;
				CLANG_WARN_DIRECT_OBJC_ISA_USAGE = YES_ERROR;
				CLANG_WARN_DOCUMENTATION_COMMENTS = YES;
				CLANG_WARN_EMPTY_BODY = YES;
				CLANG_WARN_ENUM_CONVERSION = YES;
				CLANG_WARN_INFINITE_RECURSION = YES;
				CLANG_WARN_INT_CONVERSION = YES;
				CLANG_WARN_NON_LITERAL_NULL_CONVERSION = YES;
				CLANG_WARN_OBJC_IMPLICIT_RETAIN_SELF = YES;
				CLANG_WARN_OBJC_LITERAL_CONVERSION = YES;
				CLANG_WARN_OBJC_ROOT_CLASS = YES_ERROR;
				CLANG_WARN_RANGE_LOOP_ANALYSIS = YES;
				CLANG_WARN_STRICT_PROTOTYPES = YES;
				CLANG_WARN_SUSPICIOUS_MOVE = YES;
				CLANG_WARN_UNGUARDED_AVAILABILITY = YES_AGGRESSIVE;
				CLANG_WARN_UNREACHABLE_CODE = YES;
				CLANG_WARN__DUPLICATE_METHOD_MATCH = YES;
				CODE_SIGN_IDENTITY = "iPhone Developer";
				COPY_PHASE_STRIP = NO;
				DEBUG_INFORMATION_FORMAT = "dwarf-with-dsym";
				ENABLE_NS_ASSERTIONS = NO;
				ENABLE_STRICT_OBJC_MSGSEND = YES;
				GCC_C_LANGUAGE_STANDARD = gnu11;
				GCC_NO_COMMON_BLOCKS = YES;
				GCC_WARN_64_TO_32_BIT_CONVERSION = YES;
				GCC_WARN_ABOUT_RETURN_TYPE = YES_ERROR;
				GCC_WARN_UNDECLARED_SELECTOR = YES;
				GCC_WARN_UNINITIALIZED_AUTOS = YES_AGGRESSIVE;
				GCC_WARN_UNUSED_FUNCTION = YES;
				GCC_WARN_UNUSED_VARIABLE = YES;
				IPHONEOS_DEPLOYMENT_TARGET = 12.1;
				MTL_ENABLE_DEBUG_INFO = NO;
				MTL_FAST_MATH = YES;
				SDKROOT = iphoneos;
				SWIFT_COMPILATION_MODE = wholemodule;
				SWIFT_OPTIMIZATION_LEVEL = "-O";
				VALIDATE_PRODUCT = YES;
			};
			name = Release;
		};
		5A331C0922731FB000467C8B /* Debug */ = {
			isa = XCBuildConfiguration;
			buildSettings = {
				ASSETCATALOG_COMPILER_APPICON_NAME = AppIcon;
				CODE_SIGN_STYLE = Automatic;
				DEVELOPMENT_TEAM = 734WB6TM8F;
				INFOPLIST_FILE = "Oh_My-Transport/Info.plist";
				LD_RUNPATH_SEARCH_PATHS = (
					"$(inherited)",
					"@executable_path/Frameworks",
				);
				PRODUCT_BUNDLE_IDENTIFIER = "edu.Monash.wgon0001.Oh-My-Transport";
				PRODUCT_NAME = "$(TARGET_NAME)";
				SWIFT_VERSION = 4.2;
				TARGETED_DEVICE_FAMILY = "1,2";
			};
			name = Debug;
		};
		5A331C0A22731FB000467C8B /* Release */ = {
			isa = XCBuildConfiguration;
			buildSettings = {
				ASSETCATALOG_COMPILER_APPICON_NAME = AppIcon;
				CODE_SIGN_STYLE = Automatic;
				DEVELOPMENT_TEAM = 734WB6TM8F;
				INFOPLIST_FILE = "Oh_My-Transport/Info.plist";
				LD_RUNPATH_SEARCH_PATHS = (
					"$(inherited)",
					"@executable_path/Frameworks",
				);
				PRODUCT_BUNDLE_IDENTIFIER = "edu.Monash.wgon0001.Oh-My-Transport";
				PRODUCT_NAME = "$(TARGET_NAME)";
				SWIFT_VERSION = 4.2;
				TARGETED_DEVICE_FAMILY = "1,2";
			};
			name = Release;
		};
/* End XCBuildConfiguration section */

/* Begin XCConfigurationList section */
		5A331BEE22731FAF00467C8B /* Build configuration list for PBXProject "Oh_My-Transport" */ = {
			isa = XCConfigurationList;
			buildConfigurations = (
				5A331C0622731FB000467C8B /* Debug */,
				5A331C0722731FB000467C8B /* Release */,
			);
			defaultConfigurationIsVisible = 0;
			defaultConfigurationName = Release;
		};
		5A331C0822731FB000467C8B /* Build configuration list for PBXNativeTarget "Oh_My-Transport" */ = {
			isa = XCConfigurationList;
			buildConfigurations = (
				5A331C0922731FB000467C8B /* Debug */,
				5A331C0A22731FB000467C8B /* Release */,
			);
			defaultConfigurationIsVisible = 0;
			defaultConfigurationName = Release;
		};
/* End XCConfigurationList section */

/* Begin XCVersionGroup section */
		5A331C0B2273276700467C8B /* localTransportData.xcdatamodeld */ = {
			isa = XCVersionGroup;
			children = (
				5A331C0C2273276700467C8B /* localTransportData.xcdatamodel */,
			);
			currentVersion = 5A331C0C2273276700467C8B /* localTransportData.xcdatamodel */;
			path = localTransportData.xcdatamodeld;
			sourceTree = "<group>";
			versionGroupType = wrapper.xcdatamodel;
		};
/* End XCVersionGroup section */
	};
	rootObject = 5A331BEB22731FAF00467C8B /* Project object */;
}
